PODS:
  - Alamofire (4.7.2)
  - AlamofireImage (3.3.1):
    - Alamofire (~> 4.5)
  - GoogleMaps (2.7.0):
    - GoogleMaps/Maps (= 2.7.0)
  - GoogleMaps/Base (2.7.0)
  - GoogleMaps/Maps (2.7.0):
    - GoogleMaps/Base
  - GooglePlaces (2.7.0):
    - GoogleMaps/Base (= 2.7.0)
  - Moya (11.0.2):
    - Moya/Core (= 11.0.2)
  - Moya/Core (11.0.2):
    - Alamofire (~> 4.1)
    - Result (~> 3.0)
  - PromiseKit (6.3.3):
    - PromiseKit/CorePromise (= 6.3.3)
    - PromiseKit/Foundation (= 6.3.3)
    - PromiseKit/UIKit (= 6.3.3)
  - PromiseKit/CorePromise (6.3.3)
  - PromiseKit/Foundation (6.3.3):
    - PromiseKit/CorePromise
  - PromiseKit/UIKit (6.3.3):
    - PromiseKit/CorePromise
  - R.swift (4.0.0):
    - R.swift.Library (~> 4.0.0)
  - R.swift.Library (4.0.0)
  - Realm (3.7.4):
    - Realm/Headers (= 3.7.4)
  - Realm/Headers (3.7.4)
  - RealmSwift (3.7.4):
    - Realm (= 3.7.4)
  - Result (3.2.4)
  - ReSwift (5.0.0)
  - ReSwiftThunk (1.2.0):
    - ReSwift (~> 5.0)
    - ReSwiftThunk/Core (= 1.2.0)
  - ReSwiftThunk/Core (1.2.0):
    - ReSwift (~> 5.0)

DEPENDENCIES:
  - AlamofireImage (~> 3.3)
  - GoogleMaps
  - GooglePlaces
  - Moya
  - PromiseKit
  - R.swift
  - RealmSwift
  - ReSwift
  - ReSwiftThunk

SPEC REPOS:
  https://github.com/CocoaPods/Specs.git:
    - Alamofire
    - AlamofireImage
    - GoogleMaps
    - GooglePlaces
    - Moya
    - PromiseKit
    - R.swift
    - R.swift.Library
    - Realm
    - RealmSwift
    - Result
    - ReSwift
  trunk:
    - ReSwiftThunk

SPEC CHECKSUMS:
  Alamofire: e4fa87002c137ba2d8d634d2c51fabcda0d5c223
  AlamofireImage: 3b35b586853abaf94ca1250f4e94cff3c21a4c0d
  GoogleMaps: f79af95cb24d869457b1f961c93d3ce8b2f3b848
  GooglePlaces: 3d06e6c99654545b4738ce49648745779c25f2ef
  Moya: a725035953bc1c0eb1be505ab903984501d82440
  PromiseKit: e168626994ae29c38b51252a8d1b0a561fd3f2c7
  R.swift: d6a5ec2f55a8441dc0ed9f1f8b37d7d11ae85c66
  R.swift.Library: c3af34921024333546e23b70e70d0b4e0cffca75
  Realm: a469bb59e33f9926102ccaea4349822c53b9117e
  RealmSwift: a45861b21c180f5cf0f122144b9759fa8dde3e9e
  Result: d2d07204ce72856f1fd9130bbe42c35a7b0fea10
  ReSwift: 628f1a9b3ee52e3b3ca2a644435472fd77afafe1
  ReSwiftThunk: 23c8ea9092d9dc94b72005f19352dbd37fa42533

PODFILE CHECKSUM: 18a5550b1baf7fa9418ae7f7ed8fe2be0f08ec03

COCOAPODS: 1.8.4
